{
  "version": 4,
  "terraform_version": "1.8.3",
  "serial": 73,
  "lineage": "c02a0df0-1939-ed17-301a-701e24a5bdbf",
  "outputs": {},
  "resources": [
    {
      "module": "module.app_insights",
      "mode": "managed",
      "type": "azurerm_application_insights",
      "name": "main",
      "provider": "provider[\"registry.terraform.io/hashicorp/azurerm\"]",
      "instances": [
        {
          "schema_version": 2,
          "attributes": {
            "app_id": "4cde06ba-1151-4bfc-9069-2648132d452b",
            "application_type": "web",
            "connection_string": "InstrumentationKey=88fa240c-51fc-40d2-b8f9-da9c24b1f2e4;IngestionEndpoint=https://eastus-8.in.applicationinsights.azure.com/;LiveEndpoint=https://eastus.livediagnostics.monitor.azure.com/;ApplicationId=4cde06ba-1151-4bfc-9069-2648132d452b",
            "daily_data_cap_in_gb": 100,
            "daily_data_cap_notifications_disabled": false,
            "disable_ip_masking": false,
            "force_customer_storage_for_profiler": false,
            "id": "/subscriptions/f544954d-10d1-46c6-813b-0e86233153d7/resourceGroups/myrg/providers/Microsoft.Insights/components/myAppInsights",
            "instrumentation_key": "88fa240c-51fc-40d2-b8f9-da9c24b1f2e4",
            "internet_ingestion_enabled": true,
            "internet_query_enabled": true,
            "local_authentication_disabled": false,
            "location": "eastus",
            "name": "myAppInsights",
            "resource_group_name": "myrg",
            "retention_in_days": 90,
            "sampling_percentage": 100,
            "tags": null,
            "timeouts": null,
            "workspace_id": "/subscriptions/f544954d-10d1-46c6-813b-0e86233153d7/resourceGroups/myrg/providers/Microsoft.OperationalInsights/workspaces/la-workspace"
          },
          "sensitive_attributes": [
            [
              {
                "type": "get_attr",
                "value": "connection_string"
              }
            ],
            [
              {
                "type": "get_attr",
                "value": "instrumentation_key"
              }
            ]
          ],
          "private": "eyJlMmJmYjczMC1lY2FhLTExZTYtOGY4OC0zNDM2M2JjN2M0YzAiOnsiY3JlYXRlIjozNjAwMDAwMDAwMDAwLCJkZWxldGUiOjE4MDAwMDAwMDAwMDAsInJlYWQiOjMwMDAwMDAwMDAwMCwidXBkYXRlIjoxODAwMDAwMDAwMDAwfSwic2NoZW1hX3ZlcnNpb24iOiIyIn0=",
          "dependencies": [
            "module.log_analytics.azurerm_log_analytics_workspace.main",
            "module.resource_group.azurerm_resource_group.main"
          ]
        }
      ]
    },
    {
      "module": "module.app_service_plan",
      "mode": "managed",
      "type": "azurerm_app_service_plan",
      "name": "main",
      "provider": "provider[\"registry.terraform.io/hashicorp/azurerm\"]",
      "instances": [
        {
          "schema_version": 1,
          "attributes": {
            "app_service_environment_id": "",
            "id": "/subscriptions/f544954d-10d1-46c6-813b-0e86233153d7/resourceGroups/myrg/providers/Microsoft.Web/serverFarms/myAppServicePlan",
            "is_xenon": false,
            "kind": "elastic",
            "location": "eastus",
            "maximum_elastic_worker_count": 1,
            "maximum_number_of_workers": 20,
            "name": "myAppServicePlan",
            "per_site_scaling": false,
            "reserved": false,
            "resource_group_name": "myrg",
            "sku": [
              {
                "capacity": 1,
                "size": "WS1",
                "tier": "WorkflowStandard"
              }
            ],
            "tags": null,
            "timeouts": null,
            "zone_redundant": false
          },
          "sensitive_attributes": [],
          "private": "eyJlMmJmYjczMC1lY2FhLTExZTYtOGY4OC0zNDM2M2JjN2M0YzAiOnsiY3JlYXRlIjozNjAwMDAwMDAwMDAwLCJkZWxldGUiOjM2MDAwMDAwMDAwMDAsInJlYWQiOjMwMDAwMDAwMDAwMCwidXBkYXRlIjozNjAwMDAwMDAwMDAwfSwic2NoZW1hX3ZlcnNpb24iOiIxIn0=",
          "dependencies": [
            "module.resource_group.azurerm_resource_group.main"
          ]
        }
      ]
    },
    {
      "module": "module.log_analytics",
      "mode": "managed",
      "type": "azurerm_log_analytics_workspace",
      "name": "main",
      "provider": "provider[\"registry.terraform.io/hashicorp/azurerm\"]",
      "instances": [
        {
          "schema_version": 3,
          "attributes": {
            "allow_resource_only_permissions": true,
            "cmk_for_query_forced": false,
            "daily_quota_gb": -1,
            "data_collection_rule_id": "",
            "id": "/subscriptions/f544954d-10d1-46c6-813b-0e86233153d7/resourceGroups/myrg/providers/Microsoft.OperationalInsights/workspaces/la-workspace",
            "identity": [],
            "immediate_data_purge_on_30_days_enabled": false,
            "internet_ingestion_enabled": true,
            "internet_query_enabled": true,
            "local_authentication_disabled": false,
            "location": "eastus",
            "name": "la-workspace",
            "primary_shared_key": "MKQ0ua1HQGq4DWxW8WpjgE3/4loGkVa10gkFWolMzmAN36DYDLTZM7ky3Pv6cg6oF4IVgXoTvIcFFpwX8x2T1g==",
            "reservation_capacity_in_gb_per_day": null,
            "resource_group_name": "myrg",
            "retention_in_days": 30,
            "secondary_shared_key": "Gf64R++ig8hvfyTGNd2rdHkOCXxV1Py8zcMS+wULlwWg0Fex0Yjc/EY+tCwYCIcbE7+kf0TPVLoWVtdBh2DeIA==",
            "sku": "PerGB2018",
            "tags": null,
            "timeouts": null,
            "workspace_id": "1c9b8576-b648-475f-a6de-3fa400bf2ec3"
          },
          "sensitive_attributes": [
            [
              {
                "type": "get_attr",
                "value": "secondary_shared_key"
              }
            ],
            [
              {
                "type": "get_attr",
                "value": "primary_shared_key"
              }
            ]
          ],
          "private": "eyJlMmJmYjczMC1lY2FhLTExZTYtOGY4OC0zNDM2M2JjN2M0YzAiOnsiY3JlYXRlIjoxODAwMDAwMDAwMDAwLCJkZWxldGUiOjE4MDAwMDAwMDAwMDAsInJlYWQiOjMwMDAwMDAwMDAwMCwidXBkYXRlIjoxODAwMDAwMDAwMDAwfSwic2NoZW1hX3ZlcnNpb24iOiIzIn0=",
          "dependencies": [
            "module.resource_group.azurerm_resource_group.main"
          ]
        }
      ]
    },
    {
      "module": "module.logic_app",
      "mode": "managed",
      "type": "azurerm_logic_app_standard",
      "name": "main",
      "provider": "provider[\"registry.terraform.io/hashicorp/azurerm\"]",
      "instances": [
        {
          "schema_version": 0,
          "attributes": {
            "app_service_plan_id": "/subscriptions/f544954d-10d1-46c6-813b-0e86233153d7/resourceGroups/myrg/providers/Microsoft.Web/serverFarms/myAppServicePlan",
            "app_settings": {
              "APPINSIGHTS_INSTRUMENTATIONKEY": "88fa240c-51fc-40d2-b8f9-da9c24b1f2e4",
              "APPLICATIONINSIGHTS_CONNECTION_STRING": "InstrumentationKey=88fa240c-51fc-40d2-b8f9-da9c24b1f2e4;IngestionEndpoint=https://eastus-8.in.applicationinsights.azure.com/;LiveEndpoint=https://eastus.livediagnostics.monitor.azure.com/;ApplicationId=4cde06ba-1151-4bfc-9069-2648132d452b",
              "FUNCTIONS_WORKER_RUNTIME": "node",
              "WEBSITE_NODE_DEFAULT_VERSION": "~16"
            },
            "bundle_version": "[1.*, 2.0.0)",
            "client_affinity_enabled": false,
            "client_certificate_mode": "",
            "connection_string": [],
            "custom_domain_verification_id": "17D0B1C8412B798DB8F2C0288D6756DAD9B4ED50B231C838C9C53EC59D1A77C2",
            "default_hostname": "logicapp-test-sfsg.azurewebsites.net",
            "enabled": true,
            "https_only": true,
            "id": "/subscriptions/f544954d-10d1-46c6-813b-0e86233153d7/resourceGroups/myrg/providers/Microsoft.Web/sites/logicapp-test-sfsg",
            "identity": [
              {
                "identity_ids": null,
                "principal_id": "d4421dee-2dcf-44e5-8bd3-ac4e04ec42e0",
                "tenant_id": "c7b7792a-03e1-4237-afa6-d124c781ec1e",
                "type": "SystemAssigned"
              }
            ],
            "kind": "functionapp,workflowapp",
            "location": "eastus",
            "name": "logicapp-test-sfsg",
            "outbound_ip_addresses": "20.253.51.101,20.253.51.199,20.253.51.231,20.253.51.235,20.253.51.250,20.253.51.253,20.119.16.50",
            "possible_outbound_ip_addresses": "20.253.49.104,20.253.49.239,20.253.50.21,20.253.50.215,20.253.50.252,20.253.51.41,20.253.55.126,20.253.55.154,20.253.55.167,20.88.183.100,20.241.198.221,20.253.55.215,20.253.55.223,4.157.56.243,20.88.181.87,4.157.57.82,4.157.57.102,4.157.57.141,20.253.51.101,20.253.51.199,20.253.51.231,20.253.51.235,20.253.51.250,20.253.51.253,20.253.52.2,20.253.52.16,20.253.52.22,20.253.52.26,20.253.52.63,20.253.52.94,20.253.52.111,20.253.52.221,20.253.52.225,20.253.52.227,20.253.52.245,20.253.53.21,20.253.55.126,20.253.55.154,20.253.55.167,20.88.183.100,20.241.198.221,20.253.55.215,20.253.55.223,4.157.56.243,20.88.181.87,4.157.57.82,4.157.57.102,4.157.57.141,4.157.57.142,4.157.57.164,4.157.57.200,4.157.57.205,4.157.58.10,4.157.58.22,20.119.16.50",
            "resource_group_name": "myrg",
            "site_config": [
              {
                "always_on": false,
                "app_scale_limit": 0,
                "auto_swap_slot_name": "",
                "cors": [
                  {
                    "allowed_origins": [],
                    "support_credentials": false
                  }
                ],
                "dotnet_framework_version": "v4.0",
                "elastic_instance_minimum": 1,
                "ftps_state": "Disabled",
                "health_check_path": "",
                "http2_enabled": false,
                "ip_restriction": [],
                "linux_fx_version": "",
                "min_tls_version": "1.2",
                "pre_warmed_instance_count": 1,
                "public_network_access_enabled": false,
                "runtime_scale_monitoring_enabled": false,
                "scm_ip_restriction": [],
                "scm_min_tls_version": "1.2",
                "scm_type": "None",
                "scm_use_main_ip_restriction": false,
                "use_32_bit_worker_process": true,
                "vnet_route_all_enabled": true,
                "websockets_enabled": false
              }
            ],
            "site_credential": [
              {
                "password": "xLjWDwAdjKEeGeo8JCh62i3mzKdkEQa5AdkcSj9NWWLrqbkl11eSg4gdHaat",
                "username": "$logicapp-test-sfsg"
              }
            ],
            "storage_account_access_key": "eWoLy0gzBCktKiiQLf3t0czX2aYuuGUT7Ig9Uxi3pY4zduxfF38HCrRJf9wzZvXvGmXR79ZOfc3I+AStYzZUXA==",
            "storage_account_name": "logicapptestsademo",
            "storage_account_share_name": "logicapp-test-sfsg-content",
            "tags": null,
            "timeouts": null,
            "use_extension_bundle": true,
            "version": "~4",
            "virtual_network_subnet_id": ""
          },
          "sensitive_attributes": [
            [
              {
                "type": "get_attr",
                "value": "storage_account_access_key"
              }
            ],
            [
              {
                "type": "get_attr",
                "value": "app_settings"
              },
              {
                "type": "index",
                "value": {
                  "value": "APPINSIGHTS_INSTRUMENTATIONKEY",
                  "type": "string"
                }
              }
            ],
            [
              {
                "type": "get_attr",
                "value": "app_settings"
              },
              {
                "type": "index",
                "value": {
                  "value": "APPLICATIONINSIGHTS_CONNECTION_STRING",
                  "type": "string"
                }
              }
            ]
          ],
          "private": "eyJlMmJmYjczMC1lY2FhLTExZTYtOGY4OC0zNDM2M2JjN2M0YzAiOnsiY3JlYXRlIjoxODAwMDAwMDAwMDAwLCJkZWxldGUiOjE4MDAwMDAwMDAwMDAsInJlYWQiOjMwMDAwMDAwMDAwMCwidXBkYXRlIjoxODAwMDAwMDAwMDAwfX0=",
          "dependencies": [
            "module.app_insights.azurerm_application_insights.main",
            "module.app_service_plan.azurerm_app_service_plan.main",
            "module.log_analytics.azurerm_log_analytics_workspace.main",
            "module.resource_group.azurerm_resource_group.main",
            "module.storage_account.azurerm_storage_account.main"
          ]
        }
      ]
    },
    {
      "module": "module.logic_app",
      "mode": "managed",
      "type": "azurerm_private_endpoint",
      "name": "main",
      "provider": "provider[\"registry.terraform.io/hashicorp/azurerm\"]",
      "instances": [
        {
          "schema_version": 0,
          "attributes": {
            "custom_dns_configs": [
              {
                "fqdn": "logicapp-test-sfsg.azurewebsites.net",
                "ip_addresses": [
                  "10.0.1.4"
                ]
              },
              {
                "fqdn": "logicapp-test-sfsg.scm.azurewebsites.net",
                "ip_addresses": [
                  "10.0.1.4"
                ]
              }
            ],
            "custom_network_interface_name": "",
            "id": "/subscriptions/f544954d-10d1-46c6-813b-0e86233153d7/resourceGroups/myrg/providers/Microsoft.Network/privateEndpoints/pe-logicapp-test-sfsg",
            "ip_configuration": [],
            "location": "eastus",
            "name": "pe-logicapp-test-sfsg",
            "network_interface": [
              {
                "id": "/subscriptions/f544954d-10d1-46c6-813b-0e86233153d7/resourceGroups/myrg/providers/Microsoft.Network/networkInterfaces/pe-logicapp-test-sfsg.nic.2371a514-7758-4b2b-b9c4-67a08f62fcac",
                "name": "pe-logicapp-test-sfsg.nic.2371a514-7758-4b2b-b9c4-67a08f62fcac"
              }
            ],
            "private_dns_zone_configs": [],
            "private_dns_zone_group": [],
            "private_service_connection": [
              {
                "is_manual_connection": false,
                "name": "logicapp-test-sfsg-connection",
                "private_connection_resource_alias": "",
                "private_connection_resource_id": "/subscriptions/f544954d-10d1-46c6-813b-0e86233153d7/resourceGroups/myrg/providers/Microsoft.Web/sites/logicapp-test-sfsg",
                "private_ip_address": "10.0.1.4",
                "request_message": "",
                "subresource_names": [
                  "sites"
                ]
              }
            ],
            "resource_group_name": "myrg",
            "subnet_id": "/subscriptions/f544954d-10d1-46c6-813b-0e86233153d7/resourceGroups/myrg/providers/Microsoft.Network/virtualNetworks/myVNet/subnets/mySubnet",
            "tags": null,
            "timeouts": null
          },
          "sensitive_attributes": [],
          "private": "eyJlMmJmYjczMC1lY2FhLTExZTYtOGY4OC0zNDM2M2JjN2M0YzAiOnsiY3JlYXRlIjozNjAwMDAwMDAwMDAwLCJkZWxldGUiOjM2MDAwMDAwMDAwMDAsInJlYWQiOjMwMDAwMDAwMDAwMCwidXBkYXRlIjozNjAwMDAwMDAwMDAwfX0=",
          "dependencies": [
            "module.app_insights.azurerm_application_insights.main",
            "module.app_service_plan.azurerm_app_service_plan.main",
            "module.log_analytics.azurerm_log_analytics_workspace.main",
            "module.logic_app.azurerm_logic_app_standard.main",
            "module.resource_group.azurerm_resource_group.main",
            "module.storage_account.azurerm_storage_account.main",
            "module.vnet.azurerm_subnet.main",
            "module.vnet.azurerm_virtual_network.main"
          ]
        }
      ]
    },
    {
      "module": "module.resource_group",
      "mode": "managed",
      "type": "azurerm_resource_group",
      "name": "main",
      "provider": "provider[\"registry.terraform.io/hashicorp/azurerm\"]",
      "instances": [
        {
          "schema_version": 0,
          "attributes": {
            "id": "/subscriptions/f544954d-10d1-46c6-813b-0e86233153d7/resourceGroups/myrg",
            "location": "eastus",
            "managed_by": "",
            "name": "myrg",
            "tags": {},
            "timeouts": null
          },
          "sensitive_attributes": [],
          "private": "eyJlMmJmYjczMC1lY2FhLTExZTYtOGY4OC0zNDM2M2JjN2M0YzAiOnsiY3JlYXRlIjo1NDAwMDAwMDAwMDAwLCJkZWxldGUiOjU0MDAwMDAwMDAwMDAsInJlYWQiOjMwMDAwMDAwMDAwMCwidXBkYXRlIjo1NDAwMDAwMDAwMDAwfX0="
        }
      ]
    },
    {
      "module": "module.storage_account",
      "mode": "managed",
      "type": "azurerm_storage_account",
      "name": "main",
      "provider": "provider[\"registry.terraform.io/hashicorp/azurerm\"]",
      "instances": [
        {
          "schema_version": 4,
          "attributes": {
            "access_tier": "Hot",
            "account_kind": "StorageV2",
            "account_replication_type": "LRS",
            "account_tier": "Standard",
            "allow_nested_items_to_be_public": true,
            "allowed_copy_scope": "",
            "azure_files_authentication": [],
            "blob_properties": [
              {
                "change_feed_enabled": false,
                "change_feed_retention_in_days": 0,
                "container_delete_retention_policy": [],
                "cors_rule": [],
                "default_service_version": "",
                "delete_retention_policy": [],
                "last_access_time_enabled": false,
                "restore_policy": [],
                "versioning_enabled": false
              }
            ],
            "cross_tenant_replication_enabled": true,
            "custom_domain": [],
            "customer_managed_key": [],
            "default_to_oauth_authentication": false,
            "dns_endpoint_type": "Standard",
            "edge_zone": "",
            "enable_https_traffic_only": true,
            "id": "/subscriptions/f544954d-10d1-46c6-813b-0e86233153d7/resourceGroups/myrg/providers/Microsoft.Storage/storageAccounts/logicapptestsademo",
            "identity": [],
            "immutability_policy": [],
            "infrastructure_encryption_enabled": false,
            "is_hns_enabled": false,
            "large_file_share_enabled": null,
            "local_user_enabled": true,
            "location": "eastus",
            "min_tls_version": "TLS1_2",
            "name": "logicapptestsademo",
            "network_rules": [
              {
                "bypass": [
                  "AzureServices"
                ],
                "default_action": "Allow",
                "ip_rules": [],
                "private_link_access": [],
                "virtual_network_subnet_ids": []
              }
            ],
            "nfsv3_enabled": false,
            "primary_access_key": "eWoLy0gzBCktKiiQLf3t0czX2aYuuGUT7Ig9Uxi3pY4zduxfF38HCrRJf9wzZvXvGmXR79ZOfc3I+AStYzZUXA==",
            "primary_blob_connection_string": "DefaultEndpointsProtocol=https;BlobEndpoint=https://logicapptestsademo.blob.core.windows.net/;AccountName=logicapptestsademo;AccountKey=eWoLy0gzBCktKiiQLf3t0czX2aYuuGUT7Ig9Uxi3pY4zduxfF38HCrRJf9wzZvXvGmXR79ZOfc3I+AStYzZUXA==",
            "primary_blob_endpoint": "https://logicapptestsademo.blob.core.windows.net/",
            "primary_blob_host": "logicapptestsademo.blob.core.windows.net",
            "primary_blob_internet_endpoint": "",
            "primary_blob_internet_host": "",
            "primary_blob_microsoft_endpoint": "",
            "primary_blob_microsoft_host": "",
            "primary_connection_string": "DefaultEndpointsProtocol=https;AccountName=logicapptestsademo;AccountKey=eWoLy0gzBCktKiiQLf3t0czX2aYuuGUT7Ig9Uxi3pY4zduxfF38HCrRJf9wzZvXvGmXR79ZOfc3I+AStYzZUXA==;EndpointSuffix=core.windows.net",
            "primary_dfs_endpoint": "https://logicapptestsademo.dfs.core.windows.net/",
            "primary_dfs_host": "logicapptestsademo.dfs.core.windows.net",
            "primary_dfs_internet_endpoint": "",
            "primary_dfs_internet_host": "",
            "primary_dfs_microsoft_endpoint": "",
            "primary_dfs_microsoft_host": "",
            "primary_file_endpoint": "https://logicapptestsademo.file.core.windows.net/",
            "primary_file_host": "logicapptestsademo.file.core.windows.net",
            "primary_file_internet_endpoint": "",
            "primary_file_internet_host": "",
            "primary_file_microsoft_endpoint": "",
            "primary_file_microsoft_host": "",
            "primary_location": "eastus",
            "primary_queue_endpoint": "https://logicapptestsademo.queue.core.windows.net/",
            "primary_queue_host": "logicapptestsademo.queue.core.windows.net",
            "primary_queue_microsoft_endpoint": "",
            "primary_queue_microsoft_host": "",
            "primary_table_endpoint": "https://logicapptestsademo.table.core.windows.net/",
            "primary_table_host": "logicapptestsademo.table.core.windows.net",
            "primary_table_microsoft_endpoint": "",
            "primary_table_microsoft_host": "",
            "primary_web_endpoint": "https://logicapptestsademo.z13.web.core.windows.net/",
            "primary_web_host": "logicapptestsademo.z13.web.core.windows.net",
            "primary_web_internet_endpoint": "",
            "primary_web_internet_host": "",
            "primary_web_microsoft_endpoint": "",
            "primary_web_microsoft_host": "",
            "public_network_access_enabled": true,
            "queue_encryption_key_type": "Service",
            "queue_properties": [
              {
                "cors_rule": [],
                "hour_metrics": [
                  {
                    "enabled": true,
                    "include_apis": true,
                    "retention_policy_days": 7,
                    "version": "1.0"
                  }
                ],
                "logging": [
                  {
                    "delete": false,
                    "read": false,
                    "retention_policy_days": 0,
                    "version": "1.0",
                    "write": false
                  }
                ],
                "minute_metrics": [
                  {
                    "enabled": false,
                    "include_apis": false,
                    "retention_policy_days": 0,
                    "version": "1.0"
                  }
                ]
              }
            ],
            "resource_group_name": "myrg",
            "routing": [],
            "sas_policy": [],
            "secondary_access_key": "1PE4hTD08T7HduVB31R5jahD36Qpok3kJ87bc3PPiXB9Bht6AW+DUhaYK/ejxkjim+rjaBXm0zNJ+AStDc7n7g==",
            "secondary_blob_connection_string": "",
            "secondary_blob_endpoint": null,
            "secondary_blob_host": null,
            "secondary_blob_internet_endpoint": null,
            "secondary_blob_internet_host": null,
            "secondary_blob_microsoft_endpoint": null,
            "secondary_blob_microsoft_host": null,
            "secondary_connection_string": "DefaultEndpointsProtocol=https;AccountName=logicapptestsademo;AccountKey=1PE4hTD08T7HduVB31R5jahD36Qpok3kJ87bc3PPiXB9Bht6AW+DUhaYK/ejxkjim+rjaBXm0zNJ+AStDc7n7g==;EndpointSuffix=core.windows.net",
            "secondary_dfs_endpoint": null,
            "secondary_dfs_host": null,
            "secondary_dfs_internet_endpoint": null,
            "secondary_dfs_internet_host": null,
            "secondary_dfs_microsoft_endpoint": null,
            "secondary_dfs_microsoft_host": null,
            "secondary_file_endpoint": null,
            "secondary_file_host": null,
            "secondary_file_internet_endpoint": null,
            "secondary_file_internet_host": null,
            "secondary_file_microsoft_endpoint": null,
            "secondary_file_microsoft_host": null,
            "secondary_location": "",
            "secondary_queue_endpoint": null,
            "secondary_queue_host": null,
            "secondary_queue_microsoft_endpoint": null,
            "secondary_queue_microsoft_host": null,
            "secondary_table_endpoint": null,
            "secondary_table_host": null,
            "secondary_table_microsoft_endpoint": null,
            "secondary_table_microsoft_host": null,
            "secondary_web_endpoint": null,
            "secondary_web_host": null,
            "secondary_web_internet_endpoint": null,
            "secondary_web_internet_host": null,
            "secondary_web_microsoft_endpoint": null,
            "secondary_web_microsoft_host": null,
            "sftp_enabled": false,
            "share_properties": [
              {
                "cors_rule": [],
                "retention_policy": [
                  {
                    "days": 7
                  }
                ],
                "smb": []
              }
            ],
            "shared_access_key_enabled": true,
            "static_website": [],
            "table_encryption_key_type": "Service",
            "tags": null,
            "timeouts": null
          },
          "sensitive_attributes": [
            [
              {
                "type": "get_attr",
                "value": "secondary_access_key"
              }
            ],
            [
              {
                "type": "get_attr",
                "value": "primary_connection_string"
              }
            ],
            [
              {
                "type": "get_attr",
                "value": "secondary_connection_string"
              }
            ],
            [
              {
                "type": "get_attr",
                "value": "primary_blob_connection_string"
              }
            ],
            [
              {
                "type": "get_attr",
                "value": "primary_access_key"
              }
            ],
            [
              {
                "type": "get_attr",
                "value": "secondary_blob_connection_string"
              }
            ]
          ],
          "private": "eyJlMmJmYjczMC1lY2FhLTExZTYtOGY4OC0zNDM2M2JjN2M0YzAiOnsiY3JlYXRlIjozNjAwMDAwMDAwMDAwLCJkZWxldGUiOjM2MDAwMDAwMDAwMDAsInJlYWQiOjMwMDAwMDAwMDAwMCwidXBkYXRlIjozNjAwMDAwMDAwMDAwfSwic2NoZW1hX3ZlcnNpb24iOiI0In0=",
          "dependencies": [
            "module.resource_group.azurerm_resource_group.main"
          ]
        }
      ]
    },
    {
      "module": "module.vnet",
      "mode": "managed",
      "type": "azurerm_subnet",
      "name": "main",
      "provider": "provider[\"registry.terraform.io/hashicorp/azurerm\"]",
      "instances": [
        {
          "schema_version": 0,
          "attributes": {
            "address_prefixes": [
              "10.0.1.0/24"
            ],
            "delegation": [],
            "enforce_private_link_endpoint_network_policies": false,
            "enforce_private_link_service_network_policies": false,
            "id": "/subscriptions/f544954d-10d1-46c6-813b-0e86233153d7/resourceGroups/myrg/providers/Microsoft.Network/virtualNetworks/myVNet/subnets/mySubnet",
            "name": "mySubnet",
            "private_endpoint_network_policies": "Enabled",
            "private_endpoint_network_policies_enabled": true,
            "private_link_service_network_policies_enabled": true,
            "resource_group_name": "myrg",
            "service_endpoint_policy_ids": null,
            "service_endpoints": null,
            "timeouts": null,
            "virtual_network_name": "myVNet"
          },
          "sensitive_attributes": [],
          "private": "eyJlMmJmYjczMC1lY2FhLTExZTYtOGY4OC0zNDM2M2JjN2M0YzAiOnsiY3JlYXRlIjoxODAwMDAwMDAwMDAwLCJkZWxldGUiOjE4MDAwMDAwMDAwMDAsInJlYWQiOjMwMDAwMDAwMDAwMCwidXBkYXRlIjoxODAwMDAwMDAwMDAwfX0=",
          "dependencies": [
            "module.resource_group.azurerm_resource_group.main",
            "module.vnet.azurerm_virtual_network.main"
          ]
        }
      ]
    },
    {
      "module": "module.vnet",
      "mode": "managed",
      "type": "azurerm_virtual_network",
      "name": "main",
      "provider": "provider[\"registry.terraform.io/hashicorp/azurerm\"]",
      "instances": [
        {
          "schema_version": 0,
          "attributes": {
            "address_space": [
              "10.0.0.0/16"
            ],
            "bgp_community": "",
            "ddos_protection_plan": [],
            "dns_servers": [],
            "edge_zone": "",
            "encryption": [],
            "flow_timeout_in_minutes": 0,
            "guid": "5de38430-1d9c-43b2-9739-b159951d111d",
            "id": "/subscriptions/f544954d-10d1-46c6-813b-0e86233153d7/resourceGroups/myrg/providers/Microsoft.Network/virtualNetworks/myVNet",
            "location": "eastus",
            "name": "myVNet",
            "resource_group_name": "myrg",
            "subnet": [],
            "tags": null,
            "timeouts": null
          },
          "sensitive_attributes": [],
          "private": "eyJlMmJmYjczMC1lY2FhLTExZTYtOGY4OC0zNDM2M2JjN2M0YzAiOnsiY3JlYXRlIjoxODAwMDAwMDAwMDAwLCJkZWxldGUiOjE4MDAwMDAwMDAwMDAsInJlYWQiOjMwMDAwMDAwMDAwMCwidXBkYXRlIjoxODAwMDAwMDAwMDAwfX0=",
          "dependencies": [
            "module.resource_group.azurerm_resource_group.main"
          ]
        }
      ]
    }
  ],
  "check_results": null
}
